{
  "name": "capacitor-data-storage-sqlite",
  "version": "2.0.0-1",
  "lockfileVersion": 1,
  "requires": true,
  "dependencies": {
    "@capacitor/android": {
      "version": "2.0.0",
      "resolved": "https://registry.npmjs.org/@capacitor/android/-/android-2.0.0.tgz",
      "integrity": "sha512-ATMKHFSdBMcP5iqNeVwpyzAvXQ44bFmCEjmGuTqr9VCooUvwLpekiLedwWXldA94jJ0TbyGQZJeyLq++7f+kLg==",
      "dev": true
    },
    "@capacitor/core": {
      "version": "2.0.0",
      "resolved": "https://registry.npmjs.org/@capacitor/core/-/core-2.0.0.tgz",
      "integrity": "sha512-u21az92VjHG14pHt0v33s0LwE19ICoUhrMdJdc5F/fHLEw1pBsJvyuK9C11SmDyv1QJjwmPvq6Rh0+BIRGAgLQ==",
      "requires": {
        "tslib": "^1.9.0"
      }
    },
    "@capacitor/ios": {
      "version": "2.0.0",
      "resolved": "https://registry.npmjs.org/@capacitor/ios/-/ios-2.0.0.tgz",
      "integrity": "sha512-XvTyVbJC7iRvWvqUfSM0yCmpKIO2NXHAA5OfkjA/legsd/YJZKUAPXaJujWermpYTSHkE4jZYOOjzoUZ+caolA==",
      "dev": true
    },
    "@types/node": {
      "version": "13.11.0",
      "resolved": "https://registry.npmjs.org/@types/node/-/node-13.11.0.tgz",
      "integrity": "sha512-uM4mnmsIIPK/yeO+42F2RQhGUIs39K2RFmugcJANppXe6J1nvH87PvzPZYpza7Xhhs8Yn9yIAVdLZ84z61+0xQ==",
      "dev": true
    },
    "@types/sqlite3": {
      "version": "3.1.6",
      "resolved": "https://registry.npmjs.org/@types/sqlite3/-/sqlite3-3.1.6.tgz",
      "integrity": "sha512-OBsK0KIGUICExQ/ZvnPY4cKx5Kz4NcrVyGTIvOL5y4ajXu7r++RfBajfpGfGDmDVCKcoCDX1dO84/oeyeITnxA==",
      "dev": true,
      "requires": {
        "@types/node": "*"
      }
    },
    "immediate": {
      "version": "3.0.6",
      "resolved": "https://registry.npmjs.org/immediate/-/immediate-3.0.6.tgz",
      "integrity": "sha1-nbHb0Pr43m++D13V5Wu2BigN5ps="
    },
    "jeep-localforage": {
      "version": "1.7.5-4",
      "resolved": "https://registry.npmjs.org/jeep-localforage/-/jeep-localforage-1.7.5-4.tgz",
      "integrity": "sha512-4BOROWSemVatgRVDQjk1cltKKcZIYEEXG0EqwUKJ6n5viE3FOTptYo2tgvnpYxPLEmE54us6XFTz3IwrlzunEw==",
      "requires": {
        "lie": "3.1.1"
      }
    },
    "lie": {
      "version": "3.1.1",
      "resolved": "https://registry.npmjs.org/lie/-/lie-3.1.1.tgz",
      "integrity": "sha1-mkNrLMd0bKWd56QfpGmz77dr2H4=",
      "requires": {
        "immediate": "~3.0.5"
      }
    },
    "tslib": {
      "version": "1.11.1",
      "resolved": "https://registry.npmjs.org/tslib/-/tslib-1.11.1.tgz",
      "integrity": "sha512-aZW88SY8kQbU7gpV19lN24LtXh/yD4ZZg6qieAJDDg+YBsJcSmLGK9QpnUjAKVG/xefmvJGd1WUmfpT/g6AJGA=="
    },
    "typescript": {
      "version": "3.8.3",
      "resolved": "https://registry.npmjs.org/typescript/-/typescript-3.8.3.tgz",
      "integrity": "sha512-MYlEfn5VrLNsgudQTVJeNaQFUAI7DkhnOjdpAp4T+ku1TfQClewlbSuTVHiA+8skNBgaf02TL/kLOvig4y3G8w==",
      "dev": true
    }
  }
}
