PODS:
  - Capacitor (3.1.1):
    - CapacitorCordova
  - CapacitorCordova (3.1.1)
  - SQLCipher (4.4.3):
    - SQLCipher/standard (= 4.4.3)
  - SQLCipher/common (4.4.3)
  - SQLCipher/standard (4.4.3):
    - SQLCipher/common

DEPENDENCIES:
  - "Capacitor (from `../node_modules/@capacitor/ios`)"
  - "CapacitorCordova (from `../node_modules/@capacitor/ios`)"
  - SQLCipher (~> 4.4.0)

SPEC REPOS:
  trunk:
    - SQLCipher

EXTERNAL SOURCES:
  Capacitor:
    :path: "../node_modules/@capacitor/ios"
  CapacitorCordova:
    :path: "../node_modules/@capacitor/ios"

SPEC CHECKSUMS:
  Capacitor: c8dc98afa620875c27dc4fd253b477115c47fa4c
  CapacitorCordova: f0fbb78fae1689a2c849852ed727ada888202428
  SQLCipher: 155ffeafc9ac102e5c9b68e3e9a1297a98a27096

PODFILE CHECKSUM: 00a45e1e8b2f12f06d5a0426142d56ae29130a8c

COCOAPODS: 1.10.0
