PODS:
  - Capacitor (6.1.1):
    - CapacitorCordova
  - CapacitorCordova (6.1.1)
  - SQLCipher (4.6.0):
    - SQLCipher/standard (= 4.6.0)
  - SQLCipher/common (4.6.0)
  - SQLCipher/standard (4.6.0):
    - SQLCipher/common
  - SQLite.swift/SQLCipher (0.15.3):
    - SQLCipher (>= 4.0.0)

DEPENDENCIES:
  - "Capacitor (from `../node_modules/@capacitor/ios`)"
  - "CapacitorCordova (from `../node_modules/@capacitor/ios`)"
  - SQLite.swift/SQLCipher (~> 0.15.3)

SPEC REPOS:
  trunk:
    - SQLCipher
    - SQLite.swift

EXTERNAL SOURCES:
  Capacitor:
    :path: "../node_modules/@capacitor/ios"
  CapacitorCordova:
    :path: "../node_modules/@capacitor/ios"

SPEC CHECKSUMS:
  Capacitor: 8941aba4364ba9d1b22188569001f2ce45cc2b00
  CapacitorCordova: 8f2cc8d8d3619c566e9418fe8772064a94266106
  SQLCipher: 30a8e81afa6128e600b17ffa77d0f92fa05ed208
  SQLite.swift: 8d054987f02728cc912b0eb5a9659650573a65a2

PODFILE CHECKSUM: 4bcdcba5eb9d3adbee779c190c87dfe8d8abeb18

COCOAPODS: 1.15.2
