PODS:
  - Capacitor (1.0.0-beta.10):
    - CapacitorCordova (= 1.0.0-beta.10)
  - CapacitorCordova (1.0.0-beta.10)
  - SQLite.swift (0.11.5):
    - SQLite.swift/standard (= 0.11.5)
  - SQLite.swift/standard (0.11.5)

DEPENDENCIES:
  - Capacitor (= 1.0.0-beta.10)
  - SQLite.swift (~> 0.11.5)

SPEC REPOS:
  https://github.com/cocoapods/specs.git:
    - Capacitor
    - CapacitorCordova
    - SQLite.swift

SPEC CHECKSUMS:
  Capacitor: 1162c96ecb376b902b34c628a6c0e200c72f5715
  CapacitorCordova: 2b407b807a87a6fed81d2c672290542baa262c1e
  SQLite.swift: 6e5356850bb1791459f8c16d6ee9195b28714a2e

PODFILE CHECKSUM: c55a02215e1ea37c49dc95c07fece785fad5de64

COCOAPODS: 1.5.3
